
Microsoft Visual Studio Solution File, Format Version 12.00
# Visual Studio Version 17
VisualStudioVersion = 17.4.33205.214
MinimumVisualStudioVersion = 10.0.40219.1
Project("{2150E333-8FDC-42A3-9474-1A3956D46DE8}") = "3 - Domain", "3 - Domain", "{375C3FC8-EAEC-4FE1-AC90-145990235EDC}"
EndProject
Project("{FAE04EC0-301F-11D3-BF4B-00C04F79EFBC}") = "SGM.Domain", "src\SGM.Domain\SGM.Domain.csproj", "{2E9B238C-C310-42A1-9BD6-C5290176C8A4}"
EndProject
Global
	GlobalSection(SolutionConfigurationPlatforms) = preSolution
		Debug|Any CPU = Debug|Any CPU
		Release|Any CPU = Release|Any CPU
	EndGlobalSection
	GlobalSection(ProjectConfigurationPlatforms) = postSolution
		{2E9B238C-C310-42A1-9BD6-C5290176C8A4}.Debug|Any CPU.ActiveCfg = Debug|Any CPU
		{2E9B238C-C310-42A1-9BD6-C5290176C8A4}.Debug|Any CPU.Build.0 = Debug|Any CPU
		{2E9B238C-C310-42A1-9BD6-C5290176C8A4}.Release|Any CPU.ActiveCfg = Release|Any CPU
		{2E9B238C-C310-42A1-9BD6-C5290176C8A4}.Release|Any CPU.Build.0 = Release|Any CPU
	EndGlobalSection
	GlobalSection(SolutionProperties) = preSolution
		HideSolutionNode = FALSE
	EndGlobalSection
	GlobalSection(NestedProjects) = preSolution
		{2E9B238C-C310-42A1-9BD6-C5290176C8A4} = {375C3FC8-EAEC-4FE1-AC90-145990235EDC}
	EndGlobalSection
	GlobalSection(ExtensibilityGlobals) = postSolution
		SolutionGuid = {3C69E468-F48C-4806-A4A9-E84A070B86F1}
	EndGlobalSection
EndGlobal
